
Microsoft Visual Studio Solution File, Format Version 12.00
# Visual Studio Version 17
VisualStudioVersion = 17.9.34607.119
MinimumVisualStudioVersion = 10.0.40219.1
Project("{FAE04EC0-301F-11D3-BF4B-00C04F79EFBC}") = "Entrevista", "Entrevista.csproj", "{89CC3EA6-E8E8-4ACD-AFCB-B9D865854540}"
EndProject
Project("{FAE04EC0-301F-11D3-BF4B-00C04F79EFBC}") = "Logica", "..\Logica\Logica.csproj", "{CEA4A241-E2BE-4009-A711-7B21D40DCA6F}"
EndProject
Global
	GlobalSection(SolutionConfigurationPlatforms) = preSolution
		Debug|Any CPU = Debug|Any CPU
		Release|Any CPU = Release|Any CPU
	EndGlobalSection
	GlobalSection(ProjectConfigurationPlatforms) = postSolution
		{89CC3EA6-E8E8-4ACD-AFCB-B9D865854540}.Debug|Any CPU.ActiveCfg = Debug|Any CPU
		{89CC3EA6-E8E8-4ACD-AFCB-B9D865854540}.Debug|Any CPU.Build.0 = Debug|Any CPU
		{89CC3EA6-E8E8-4ACD-AFCB-B9D865854540}.Release|Any CPU.ActiveCfg = Release|Any CPU
		{89CC3EA6-E8E8-4ACD-AFCB-B9D865854540}.Release|Any CPU.Build.0 = Release|Any CPU
		{CEA4A241-E2BE-4009-A711-7B21D40DCA6F}.Debug|Any CPU.ActiveCfg = Debug|Any CPU
		{CEA4A241-E2BE-4009-A711-7B21D40DCA6F}.Debug|Any CPU.Build.0 = Debug|Any CPU
		{CEA4A241-E2BE-4009-A711-7B21D40DCA6F}.Release|Any CPU.ActiveCfg = Release|Any CPU
		{CEA4A241-E2BE-4009-A711-7B21D40DCA6F}.Release|Any CPU.Build.0 = Release|Any CPU
	EndGlobalSection
	GlobalSection(SolutionProperties) = preSolution
		HideSolutionNode = FALSE
	EndGlobalSection
	GlobalSection(ExtensibilityGlobals) = postSolution
		SolutionGuid = {82BECD69-FAB6-4148-8D54-64783CE11E27}
	EndGlobalSection
EndGlobal
